# This file is generated by running "yarn install" inside your project.
# Manual changes might be lost - proceed with caution!

__metadata:
  version: 6
  cacheKey: 8

"@cspotcode/source-map-support@npm:^0.8.0":
  version: 0.8.1
  resolution: "@cspotcode/source-map-support@npm:0.8.1"
  dependencies:
    "@jridgewell/trace-mapping": 0.3.9
  checksum: 5718f267085ed8edb3e7ef210137241775e607ee18b77d95aa5bd7514f47f5019aa2d82d96b3bf342ef7aa890a346fa1044532ff7cc3009e7d24fce3ce6200fa
  languageName: node
  linkType: hard

"@discordjs/builders@npm:^1.7.0":
  version: 1.7.0
  resolution: "@discordjs/builders@npm:1.7.0"
  dependencies:
    "@discordjs/formatters": ^0.3.3
    "@discordjs/util": ^1.0.2
    "@sapphire/shapeshift": ^3.9.3
    discord-api-types: 0.37.61
    fast-deep-equal: ^3.1.3
    ts-mixer: ^6.0.3
    tslib: ^2.6.2
  checksum: 837e7643fc8396e4914bbbfbbfa1232ab7109c931884e8df45cd7356944633590f710a18513d30a10de1b6686ed5166df702bde0c4511fb0cbcac897edd9e56a
  languageName: node
  linkType: hard

"@discordjs/collection@npm:1.5.3":
  version: 1.5.3
  resolution: "@discordjs/collection@npm:1.5.3"
  checksum: fefed19bea0f69053d195f9d9dc8af07ca5d8c9b1064581e0aa14bda2b70e632b93c164d5ef3e4910f5442369612ff4eec8d52a700aec562510c19b223f67023
  languageName: node
  linkType: hard

"@discordjs/collection@npm:^2.0.0":
  version: 2.0.0
  resolution: "@discordjs/collection@npm:2.0.0"
  checksum: c2d05fa2b9a27bb64e93e2836bbe44c835d21f85e28cd934f6e2a81fef423ab0415968cca9d066b83347539edc8ea9afa8075d80bd62594e39f09eb881052c49
  languageName: node
  linkType: hard

"@discordjs/formatters@npm:^0.3.3":
  version: 0.3.3
  resolution: "@discordjs/formatters@npm:0.3.3"
  dependencies:
    discord-api-types: 0.37.61
  checksum: a844628094a6effa8ac4e4a4ea9082d5c89e6cae6bbd18e60abd410769e5ea18f64aa2db8623aa3c8c572084368f6c2e27cc2d72af640aff5e4ee7fc42132c60
  languageName: node
  linkType: hard

"@discordjs/rest@npm:^2.1.0":
  version: 2.2.0
  resolution: "@discordjs/rest@npm:2.2.0"
  dependencies:
    "@discordjs/collection": ^2.0.0
    "@discordjs/util": ^1.0.2
    "@sapphire/async-queue": ^1.5.0
    "@sapphire/snowflake": ^3.5.1
    "@vladfrangu/async_event_emitter": ^2.2.2
    discord-api-types: 0.37.61
    magic-bytes.js: ^1.5.0
    tslib: ^2.6.2
    undici: 5.27.2
  checksum: 29a14ecf3282ae3306883f1f6c870693d0ecacd080c5b66a72e31487a8070655807a80a8bf09bebea4f73e631439abc5121dfa38016ca0ccbe3f68c0f7ffc80e
  languageName: node
  linkType: hard

"@discordjs/util@npm:^1.0.2":
  version: 1.0.2
  resolution: "@discordjs/util@npm:1.0.2"
  checksum: 320d7e125981001160d413ae56e76e60447dce102010b80e3b1b16d885be765df5ae2551aa79fdc4d435a82361ed72246b44251f0c1f7a8fef7056a4481d5609
  languageName: node
  linkType: hard

"@discordjs/voice@npm:^0.16.1":
  version: 0.16.1
  resolution: "@discordjs/voice@npm:0.16.1"
  dependencies:
    "@types/ws": ^8.5.9
    discord-api-types: 0.37.61
    prism-media: ^1.3.5
    tslib: ^2.6.2
    ws: ^8.14.2
  checksum: c8394888ed4f316ef0ccf3f0de3a8e5f299f83877092837c604049934d4200b638b840e3154792cab10d153c026e8bed50e1e4288807a18f1fe32c0725b3fd4c
  languageName: node
  linkType: hard

"@discordjs/ws@npm:^1.0.2":
  version: 1.0.2
  resolution: "@discordjs/ws@npm:1.0.2"
  dependencies:
    "@discordjs/collection": ^2.0.0
    "@discordjs/rest": ^2.1.0
    "@discordjs/util": ^1.0.2
    "@sapphire/async-queue": ^1.5.0
    "@types/ws": ^8.5.9
    "@vladfrangu/async_event_emitter": ^2.2.2
    discord-api-types: 0.37.61
    tslib: ^2.6.2
    ws: ^8.14.2
  checksum: 2564d3ff00d04d7638955c8c9a9f6234c50168fbe8243140bc458dc9ffa39ad5063e7d5762cdce71bb8bcf70b6353c28b8531e40f54568706898e92bc8748590
  languageName: node
  linkType: hard

"@fastify/busboy@npm:^2.0.0":
  version: 2.1.0
  resolution: "@fastify/busboy@npm:2.1.0"
  checksum: 3233abd10f73e50668cb4bb278a79b7b3fadd30215ac6458299b0e5a09a29c3586ec07597aae6bd93f5cbedfcef43a8aeea51829cd28fc13850cdbcd324c28d5
  languageName: node
  linkType: hard

"@jridgewell/resolve-uri@npm:^3.0.3":
  version: 3.1.1
  resolution: "@jridgewell/resolve-uri@npm:3.1.1"
  checksum: f5b441fe7900eab4f9155b3b93f9800a916257f4e8563afbcd3b5a5337b55e52bd8ae6735453b1b745457d9f6cdb16d74cd6220bbdd98cf153239e13f6cbb653
  languageName: node
  linkType: hard

"@jridgewell/sourcemap-codec@npm:^1.4.10":
  version: 1.4.15
  resolution: "@jridgewell/sourcemap-codec@npm:1.4.15"
  checksum: b881c7e503db3fc7f3c1f35a1dd2655a188cc51a3612d76efc8a6eb74728bef5606e6758ee77423e564092b4a518aba569bbb21c9bac5ab7a35b0c6ae7e344c8
  languageName: node
  linkType: hard

"@jridgewell/trace-mapping@npm:0.3.9":
  version: 0.3.9
  resolution: "@jridgewell/trace-mapping@npm:0.3.9"
  dependencies:
    "@jridgewell/resolve-uri": ^3.0.3
    "@jridgewell/sourcemap-codec": ^1.4.10
  checksum: d89597752fd88d3f3480845691a05a44bd21faac18e2185b6f436c3b0fd0c5a859fbbd9aaa92050c4052caf325ad3e10e2e1d1b64327517471b7d51babc0ddef
  languageName: node
  linkType: hard

"@sapphire/async-queue@npm:^1.5.0":
  version: 1.5.1
  resolution: "@sapphire/async-queue@npm:1.5.1"
  checksum: 1f64ab355b9f8cb861a779754d5fd01b51ada71bd2150f7b705ad3d3eee3b3d2655bc6df946dac47b7a756c406e3364178231eeab3c3cc5238b257707db781c5
  languageName: node
  linkType: hard

"@sapphire/shapeshift@npm:^3.9.3":
  version: 3.9.5
  resolution: "@sapphire/shapeshift@npm:3.9.5"
  dependencies:
    fast-deep-equal: ^3.1.3
    lodash: ^4.17.21
  checksum: 3199bf48cd1588c901f56358690e445af2594e592d8c48b981612ad264d23b5a1abfd4849e87e25c564f3d8995d1c0d217f8700af03aa3f1df81b5af055d241b
  languageName: node
  linkType: hard

"@sapphire/snowflake@npm:3.5.1":
  version: 3.5.1
  resolution: "@sapphire/snowflake@npm:3.5.1"
  checksum: 8fc025020adab1a7a1a5d2cf07704d598cc1977b50e5fcd3a5dd239f00934dc936d3a4d5ae336e71d8bf1d88ec27aa814b34de79e38ff097b7b9ba5a7977a683
  languageName: node
  linkType: hard

"@sapphire/snowflake@npm:^3.5.1":
  version: 3.5.2
  resolution: "@sapphire/snowflake@npm:3.5.2"
  checksum: f88ee6b167abd83868092b71d68ad36599e922948d1b77ba694c1e13afafc46d4b07914d86ad5af6841cb4b95ceaffd940affe56576362a1c7a5d28a4344f3e4
  languageName: node
  linkType: hard

"@tsconfig/node10@npm:^1.0.7":
  version: 1.0.9
  resolution: "@tsconfig/node10@npm:1.0.9"
  checksum: a33ae4dc2a621c0678ac8ac4bceb8e512ae75dac65417a2ad9b022d9b5411e863c4c198b6ba9ef659e14b9fb609bbec680841a2e84c1172df7a5ffcf076539df
  languageName: node
  linkType: hard

"@tsconfig/node12@npm:^1.0.7":
  version: 1.0.11
  resolution: "@tsconfig/node12@npm:1.0.11"
  checksum: 5ce29a41b13e7897a58b8e2df11269c5395999e588b9a467386f99d1d26f6c77d1af2719e407621412520ea30517d718d5192a32403b8dfcc163bf33e40a338a
  languageName: node
  linkType: hard

"@tsconfig/node14@npm:^1.0.0":
  version: 1.0.3
  resolution: "@tsconfig/node14@npm:1.0.3"
  checksum: 19275fe80c4c8d0ad0abed6a96dbf00642e88b220b090418609c4376e1cef81bf16237bf170ad1b341452feddb8115d8dd2e5acdfdea1b27422071163dc9ba9d
  languageName: node
  linkType: hard

"@tsconfig/node16@npm:^1.0.2":
  version: 1.0.4
  resolution: "@tsconfig/node16@npm:1.0.4"
  checksum: 202319785901f942a6e1e476b872d421baec20cf09f4b266a1854060efbf78cde16a4d256e8bc949d31e6cd9a90f1e8ef8fb06af96a65e98338a2b6b0de0a0ff
  languageName: node
  linkType: hard

"@types/node@npm:*":
  version: 20.10.6
  resolution: "@types/node@npm:20.10.6"
  dependencies:
    undici-types: ~5.26.4
  checksum: ada40e4ccbda3697dca88f8d13f4c996c493be6fbc15f5f5d3b91096d56bd700786a2c148a92a2b4c5d1f133379e63f754a786b3aebfc6a7d09fc7ea16dc017b
  languageName: node
  linkType: hard

"@types/ws@npm:8.5.9":
  version: 8.5.9
  resolution: "@types/ws@npm:8.5.9"
  dependencies:
    "@types/node": "*"
  checksum: 83f436b731d2cdc49a45ced31a0a65cdd2e39c24d7b882776c26efa190dad6553e266d624c7a7089f36ad3ed471e02e729f3219282c80689b435f665df4a2b0b
  languageName: node
  linkType: hard

"@types/ws@npm:^8.5.9":
  version: 8.5.10
  resolution: "@types/ws@npm:8.5.10"
  dependencies:
    "@types/node": "*"
  checksum: 3ec416ea2be24042ebd677932a462cf16d2080393d8d7d0b1b3f5d6eaa4a7387aaf0eefb99193c0bfd29444857cf2e0c3ac89899e130550dc6c14ada8a46d25e
  languageName: node
  linkType: hard

"@vladfrangu/async_event_emitter@npm:^2.2.2":
  version: 2.2.4
  resolution: "@vladfrangu/async_event_emitter@npm:2.2.4"
  checksum: ff65ebc4d89639adecd249e24e4f6f97b7696404f2a4461160efdff628d91de543e982727c18de62a4edada3f66381b5a3cd1d4f4f33098075d839c1b4f46979
  languageName: node
  linkType: hard

"acorn-walk@npm:^8.1.1":
  version: 8.3.1
  resolution: "acorn-walk@npm:8.3.1"
  checksum: 5c8926ddb5400bc825b6baca782931f9df4ace603ba1a517f5243290fd9cdb089d52877840687b5d5c939591ebc314e2e63721514feaa37c6829c828f2b940ce
  languageName: node
  linkType: hard

"acorn@npm:^8.4.1":
  version: 8.11.3
  resolution: "acorn@npm:8.11.3"
  bin:
    acorn: bin/acorn
  checksum: 76d8e7d559512566b43ab4aadc374f11f563f0a9e21626dd59cb2888444e9445923ae9f3699972767f18af61df89cd89f5eaaf772d1327b055b45cb829b4a88c
  languageName: node
  linkType: hard

"arg@npm:^4.1.0":
  version: 4.1.3
  resolution: "arg@npm:4.1.3"
  checksum: 544af8dd3f60546d3e4aff084d451b96961d2267d668670199692f8d054f0415d86fc5497d0e641e91546f0aa920e7c29e5250e99fc89f5552a34b5d93b77f43
  languageName: node
  linkType: hard

"create-require@npm:^1.1.0":
  version: 1.1.1
  resolution: "create-require@npm:1.1.1"
  checksum: a9a1503d4390d8b59ad86f4607de7870b39cad43d929813599a23714831e81c520bddf61bcdd1f8e30f05fd3a2b71ae8538e946eb2786dc65c2bbc520f692eff
  languageName: node
  linkType: hard

"diff@npm:^4.0.1":
  version: 4.0.2
  resolution: "diff@npm:4.0.2"
  checksum: f2c09b0ce4e6b301c221addd83bf3f454c0bc00caa3dd837cf6c127d6edf7223aa2bbe3b688feea110b7f262adbfc845b757c44c8a9f8c0c5b15d8fa9ce9d20d
  languageName: node
  linkType: hard

"discord-api-types@npm:0.37.61":
  version: 0.37.61
  resolution: "discord-api-types@npm:0.37.61"
  checksum: fe33d528e31a6de0bab2afb43d0e058957a6da6cfc4d797943fac83aeb8d07543dc0f85cad3c4e6789cbbac0c7ca49dae5ac465224b129c7acb716097fa0b081
  languageName: node
  linkType: hard

"discord.js@npm:^14.14.1":
  version: 14.14.1
  resolution: "discord.js@npm:14.14.1"
  dependencies:
    "@discordjs/builders": ^1.7.0
    "@discordjs/collection": 1.5.3
    "@discordjs/formatters": ^0.3.3
    "@discordjs/rest": ^2.1.0
    "@discordjs/util": ^1.0.2
    "@discordjs/ws": ^1.0.2
    "@sapphire/snowflake": 3.5.1
    "@types/ws": 8.5.9
    discord-api-types: 0.37.61
    fast-deep-equal: 3.1.3
    lodash.snakecase: 4.1.1
    tslib: 2.6.2
    undici: 5.27.2
    ws: 8.14.2
  checksum: 651e61861ae33e6ec3903e72a8bf229caae5dab73f8d409c3673430cafd9c438a0dd59983242bdcff47bab50da39f7a04da5b586c35b396c102e8e87637076e5
  languageName: node
  linkType: hard

"fast-deep-equal@npm:3.1.3, fast-deep-equal@npm:^3.1.3":
  version: 3.1.3
  resolution: "fast-deep-equal@npm:3.1.3"
  checksum: e21a9d8d84f53493b6aa15efc9cfd53dd5b714a1f23f67fb5dc8f574af80df889b3bce25dc081887c6d25457cce704e636395333abad896ccdec03abaf1f3f9d
  languageName: node
  linkType: hard

"libsodium-wrappers@npm:^0.7.13":
  version: 0.7.13
  resolution: "libsodium-wrappers@npm:0.7.13"
  dependencies:
    libsodium: ^0.7.13
  checksum: d184395f7c33023414b191ef9ea2171eb1a5cb061503e886ea877590cb7adc3a4feaf794b9b08731a20515518fa23dbf1c1bfcd376e5ab01728e95cf1cb7525a
  languageName: node
  linkType: hard

"libsodium@npm:^0.7.13":
  version: 0.7.13
  resolution: "libsodium@npm:0.7.13"
  checksum: 75a5f70e84c197d54d9b67dcbd852abbd41cca8facd510767c7c8400a52a23da293e83eebf1693831b2c0c0498f266bd9350a8c27ec66f46a055890dff758d38
  languageName: node
  linkType: hard

"lodash.snakecase@npm:4.1.1":
  version: 4.1.1
  resolution: "lodash.snakecase@npm:4.1.1"
  checksum: 1685ed3e83dda6eae5a4dcaee161a51cd210aabb3e1c09c57150e7dd8feda19e4ca0d27d0631eabe8d0f4eaa51e376da64e8c018ae5415417c5890d42feb72a8
  languageName: node
  linkType: hard

"lodash@npm:^4.17.21":
  version: 4.17.21
  resolution: "lodash@npm:4.17.21"
  checksum: eb835a2e51d381e561e508ce932ea50a8e5a68f4ebdd771ea240d3048244a8d13658acbd502cd4829768c56f2e16bdd4340b9ea141297d472517b83868e677f7
  languageName: node
  linkType: hard

"magic-bytes.js@npm:^1.5.0":
  version: 1.7.0
  resolution: "magic-bytes.js@npm:1.7.0"
  checksum: c36cc3fa828ff27fc752998593dde7be8083b3608e0acec3b5091221fdea2d43b16c13ed368d5c406a120eb3812bcfe060d0aec5919e711ea780088c5b379050
  languageName: node
  linkType: hard

"make-error@npm:^1.1.1":
  version: 1.3.6
  resolution: "make-error@npm:1.3.6"
  checksum: b86e5e0e25f7f777b77fabd8e2cbf15737972869d852a22b7e73c17623928fccb826d8e46b9951501d3f20e51ad74ba8c59ed584f610526a48f8ccf88aaec402
  languageName: node
  linkType: hard

"prism-media@npm:^1.3.5":
  version: 1.3.5
  resolution: "prism-media@npm:1.3.5"
  peerDependencies:
    "@discordjs/opus": ">=0.8.0 <1.0.0"
    ffmpeg-static: ^5.0.2 || ^4.2.7 || ^3.0.0 || ^2.4.0
    node-opus: ^0.3.3
    opusscript: ^0.0.8
  peerDependenciesMeta:
    "@discordjs/opus":
      optional: true
    ffmpeg-static:
      optional: true
    node-opus:
      optional: true
    opusscript:
      optional: true
  checksum: a4fbe5c91f2aa5aca6e0d7fb72c37627db814f59b2ffd702aced11d4cc6f6f15022a5830df48fc008e805f2d1fe79305e5d1b091307981a0083edf7223418679
  languageName: node
  linkType: hard

"ricdotcom@workspace:.":
  version: 0.0.0-use.local
  resolution: "ricdotcom@workspace:."
  dependencies:
    "@discordjs/voice": ^0.16.1
    discord.js: ^14.14.1
    libsodium-wrappers: ^0.7.13
    ts-node: ^10.9.2
    typescript: ^5.3.3
  languageName: unknown
  linkType: soft

"ts-mixer@npm:^6.0.3":
  version: 6.0.3
  resolution: "ts-mixer@npm:6.0.3"
  checksum: 7fbaba0a413bf817835a6a23d46bccf4192dd4d7345b6bae9d594c88acffac35bf4995ef3cce753090c8abcdf2afd16dba8899365584a1f960ccc2a15bf2e2d6
  languageName: node
  linkType: hard

"ts-node@npm:^10.9.2":
  version: 10.9.2
  resolution: "ts-node@npm:10.9.2"
  dependencies:
    "@cspotcode/source-map-support": ^0.8.0
    "@tsconfig/node10": ^1.0.7
    "@tsconfig/node12": ^1.0.7
    "@tsconfig/node14": ^1.0.0
    "@tsconfig/node16": ^1.0.2
    acorn: ^8.4.1
    acorn-walk: ^8.1.1
    arg: ^4.1.0
    create-require: ^1.1.0
    diff: ^4.0.1
    make-error: ^1.1.1
    v8-compile-cache-lib: ^3.0.1
    yn: 3.1.1
  peerDependencies:
    "@swc/core": ">=1.2.50"
    "@swc/wasm": ">=1.2.50"
    "@types/node": "*"
    typescript: ">=2.7"
  peerDependenciesMeta:
    "@swc/core":
      optional: true
    "@swc/wasm":
      optional: true
  bin:
    ts-node: dist/bin.js
    ts-node-cwd: dist/bin-cwd.js
    ts-node-esm: dist/bin-esm.js
    ts-node-script: dist/bin-script.js
    ts-node-transpile-only: dist/bin-transpile.js
    ts-script: dist/bin-script-deprecated.js
  checksum: fde256c9073969e234526e2cfead42591b9a2aec5222bac154b0de2fa9e4ceb30efcd717ee8bc785a56f3a119bdd5aa27b333d9dbec94ed254bd26f8944c67ac
  languageName: node
  linkType: hard

"tslib@npm:2.6.2, tslib@npm:^2.6.2":
  version: 2.6.2
  resolution: "tslib@npm:2.6.2"
  checksum: 329ea56123005922f39642318e3d1f0f8265d1e7fcb92c633e0809521da75eeaca28d2cf96d7248229deb40e5c19adf408259f4b9640afd20d13aecc1430f3ad
  languageName: node
  linkType: hard

"typescript@npm:^5.3.3":
  version: 5.3.3
  resolution: "typescript@npm:5.3.3"
  bin:
    tsc: bin/tsc
    tsserver: bin/tsserver
  checksum: 2007ccb6e51bbbf6fde0a78099efe04dc1c3dfbdff04ca3b6a8bc717991862b39fd6126c0c3ebf2d2d98ac5e960bcaa873826bb2bb241f14277034148f41f6a2
  languageName: node
  linkType: hard

"typescript@patch:typescript@^5.3.3#~builtin<compat/typescript>":
  version: 5.3.3
  resolution: "typescript@patch:typescript@npm%3A5.3.3#~builtin<compat/typescript>::version=5.3.3&hash=29ae49"
  bin:
    tsc: bin/tsc
    tsserver: bin/tsserver
  checksum: f61375590b3162599f0f0d5b8737877ac0a7bc52761dbb585d67e7b8753a3a4c42d9a554c4cc929f591ffcf3a2b0602f65ae3ce74714fd5652623a816862b610
  languageName: node
  linkType: hard

"undici-types@npm:~5.26.4":
  version: 5.26.5
  resolution: "undici-types@npm:5.26.5"
  checksum: 3192ef6f3fd5df652f2dc1cd782b49d6ff14dc98e5dced492aa8a8c65425227da5da6aafe22523c67f035a272c599bb89cfe803c1db6311e44bed3042fc25487
  languageName: node
  linkType: hard

"undici@npm:5.27.2":
  version: 5.27.2
  resolution: "undici@npm:5.27.2"
  dependencies:
    "@fastify/busboy": ^2.0.0
  checksum: 22bbdd763798700979986546d70072b67223189353d2a811efa9c6e44476161a0d1781ffe24115221f69a1b344b95d5926bd39a6eb760a2cd8804781cec0c5eb
  languageName: node
  linkType: hard

"v8-compile-cache-lib@npm:^3.0.1":
  version: 3.0.1
  resolution: "v8-compile-cache-lib@npm:3.0.1"
  checksum: 78089ad549e21bcdbfca10c08850022b22024cdcc2da9b168bcf5a73a6ed7bf01a9cebb9eac28e03cd23a684d81e0502797e88f3ccd27a32aeab1cfc44c39da0
  languageName: node
  linkType: hard

"ws@npm:8.14.2":
  version: 8.14.2
  resolution: "ws@npm:8.14.2"
  peerDependencies:
    bufferutil: ^4.0.1
    utf-8-validate: ">=5.0.2"
  peerDependenciesMeta:
    bufferutil:
      optional: true
    utf-8-validate:
      optional: true
  checksum: 3ca0dad26e8cc6515ff392b622a1467430814c463b3368b0258e33696b1d4bed7510bc7030f7b72838b9fdeb8dbd8839cbf808367d6aae2e1d668ce741d4308b
  languageName: node
  linkType: hard

"ws@npm:^8.14.2":
  version: 8.16.0
  resolution: "ws@npm:8.16.0"
  peerDependencies:
    bufferutil: ^4.0.1
    utf-8-validate: ">=5.0.2"
  peerDependenciesMeta:
    bufferutil:
      optional: true
    utf-8-validate:
      optional: true
  checksum: feb3eecd2bae82fa8a8beef800290ce437d8b8063bdc69712725f21aef77c49cb2ff45c6e5e7fce622248f9c7abaee506bae0a9064067ffd6935460c7357321b
  languageName: node
  linkType: hard

"yn@npm:3.1.1":
  version: 3.1.1
  resolution: "yn@npm:3.1.1"
  checksum: 2c487b0e149e746ef48cda9f8bad10fc83693cd69d7f9dcd8be4214e985de33a29c9e24f3c0d6bcf2288427040a8947406ab27f7af67ee9456e6b84854f02dd6
  languageName: node
  linkType: hard
